// !$*UTF8*$!
{
	archiveVersion = 1;
	classes = {
	};
	objectVersion = 56;
	objects = {

/* Begin PBXBuildFile section */
		8CD3377A2AB1A16A00FB90A7 /* audiokitExamplesApp.swift in Sources */ = {isa = PBXBuildFile; fileRef = 8CD337792AB1A16A00FB90A7 /* audiokitExamplesApp.swift */; };
		8CD3377C2AB1A16A00FB90A7 /* ContentView.swift in Sources */ = {isa = PBXBuildFile; fileRef = 8CD3377B2AB1A16A00FB90A7 /* ContentView.swift */; };
		8CD3377E2AB1A16B00FB90A7 /* Assets.xcassets in Resources */ = {isa = PBXBuildFile; fileRef = 8CD3377D2AB1A16B00FB90A7 /* Assets.xcassets */; };
		8CD337812AB1A16B00FB90A7 /* Preview Assets.xcassets in Resources */ = {isa = PBXBuildFile; fileRef = 8CD337802AB1A16B00FB90A7 /* Preview Assets.xcassets */; };
		8CD3378A2AB1A1FE00FB90A7 /* AudioKit in Frameworks */ = {isa = PBXBuildFile; productRef = 8CD337892AB1A1FE00FB90A7 /* AudioKit */; };
		8CD3378E2AB1A70300FB90A7 /* kick.wav in Resources */ = {isa = PBXBuildFile; fileRef = 8CD3378C2AB1A70300FB90A7 /* kick.wav */; };
		8CD3378F2AB1A70300FB90A7 /* snare.wav in Resources */ = {isa = PBXBuildFile; fileRef = 8CD3378D2AB1A70300FB90A7 /* snare.wav */; };
/* End PBXBuildFile section */

/* Begin PBXFileReference section */
		8CB6DC1A2AB45EA400A37807 /* Hi-Hat_Open_808Flex.aiff */ = {isa = PBXFileReference; lastKnownFileType = audio.aiff; path = "Hi-Hat_Open_808Flex.aiff"; sourceTree = "<group>"; };
		8CC338B32AB31D3300110D00 /* drums.exs */ = {isa = PBXFileReference; lastKnownFileType = file; path = drums.exs; sourceTree = "<group>"; };
		8CD337762AB1A16A00FB90A7 /* audiokitExamples.app */ = {isa = PBXFileReference; explicitFileType = wrapper.application; includeInIndex = 0; path = audiokitExamples.app; sourceTree = BUILT_PRODUCTS_DIR; };
		8CD337792AB1A16A00FB90A7 /* audiokitExamplesApp.swift */ = {isa = PBXFileReference; lastKnownFileType = sourcecode.swift; path = audiokitExamplesApp.swift; sourceTree = "<group>"; };
		8CD3377B2AB1A16A00FB90A7 /* ContentView.swift */ = {isa = PBXFileReference; lastKnownFileType = sourcecode.swift; path = ContentView.swift; sourceTree = "<group>"; };
		8CD3377D2AB1A16B00FB90A7 /* Assets.xcassets */ = {isa = PBXFileReference; lastKnownFileType = folder.assetcatalog; path = Assets.xcassets; sourceTree = "<group>"; };
		8CD337802AB1A16B00FB90A7 /* Preview Assets.xcassets */ = {isa = PBXFileReference; lastKnownFileType = folder.assetcatalog; path = "Preview Assets.xcassets"; sourceTree = "<group>"; };
		8CD337822AB1A16B00FB90A7 /* audiokitExamples.entitlements */ = {isa = PBXFileReference; lastKnownFileType = text.plist.entitlements; path = audiokitExamples.entitlements; sourceTree = "<group>"; };
		8CD3378C2AB1A70300FB90A7 /* kick.wav */ = {isa = PBXFileReference; lastKnownFileType = audio.wav; name = kick.wav; path = audiokitExamples/kick.wav; sourceTree = SOURCE_ROOT; };
		8CD3378D2AB1A70300FB90A7 /* snare.wav */ = {isa = PBXFileReference; lastKnownFileType = audio.wav; name = snare.wav; path = Sounds/snare.wav; sourceTree = SOURCE_ROOT; };
/* End PBXFileReference section */

/* Begin PBXFrameworksBuildPhase section */
		8CD337732AB1A16A00FB90A7 /* Frameworks */ = {
			isa = PBXFrameworksBuildPhase;
			buildActionMask = 2147483647;
			files = (
				8CD3378A2AB1A1FE00FB90A7 /* AudioKit in Frameworks */,
			);
			runOnlyForDeploymentPostprocessing = 0;
		};
/* End PBXFrameworksBuildPhase section */

/* Begin PBXGroup section */
		8CD3376D2AB1A16A00FB90A7 = {
			isa = PBXGroup;
			children = (
				8CD337782AB1A16A00FB90A7 /* audiokitExamples */,
				8CD337772AB1A16A00FB90A7 /* Products */,
			);
			sourceTree = "<group>";
		};
		8CD337772AB1A16A00FB90A7 /* Products */ = {
			isa = PBXGroup;
			children = (
				8CD337762AB1A16A00FB90A7 /* audiokitExamples.app */,
			);
			name = Products;
			sourceTree = "<group>";
		};
		8CD337782AB1A16A00FB90A7 /* audiokitExamples */ = {
			isa = PBXGroup;
			children = (
				8CB6DC1A2AB45EA400A37807 /* Hi-Hat_Open_808Flex.aiff */,
				8CC338B32AB31D3300110D00 /* drums.exs */,
				8CD3378C2AB1A70300FB90A7 /* kick.wav */,
				8CD3378B2AB1A6B900FB90A7 /* Sounds */,
				8CD337792AB1A16A00FB90A7 /* audiokitExamplesApp.swift */,
				8CD3377B2AB1A16A00FB90A7 /* ContentView.swift */,
				8CD3377D2AB1A16B00FB90A7 /* Assets.xcassets */,
				8CD337822AB1A16B00FB90A7 /* audiokitExamples.entitlements */,
				8CD3377F2AB1A16B00FB90A7 /* Preview Content */,
			);
			path = audiokitExamples;
			sourceTree = "<group>";
		};
		8CD3377F2AB1A16B00FB90A7 /* Preview Content */ = {
			isa = PBXGroup;
			children = (
				8CD337802AB1A16B00FB90A7 /* Preview Assets.xcassets */,
			);
			path = "Preview Content";
			sourceTree = "<group>";
		};
		8CD3378B2AB1A6B900FB90A7 /* Sounds */ = {
			isa = PBXGroup;
			children = (
				8CD3378D2AB1A70300FB90A7 /* snare.wav */,
			);
			path = Sounds;
			sourceTree = "<group>";
		};
/* End PBXGroup section */

/* Begin PBXNativeTarget section */
		8CD337752AB1A16A00FB90A7 /* audiokitExamples */ = {
			isa = PBXNativeTarget;
			buildConfigurationList = 8CD337852AB1A16B00FB90A7 /* Build configuration list for PBXNativeTarget "audiokitExamples" */;
			buildPhases = (
				8CD337722AB1A16A00FB90A7 /* Sources */,
				8CD337732AB1A16A00FB90A7 /* Frameworks */,
				8CD337742AB1A16A00FB90A7 /* Resources */,
			);
			buildRules = (
			);
			dependencies = (
			);
			name = audiokitExamples;
			packageProductDependencies = (
				8CD337892AB1A1FE00FB90A7 /* AudioKit */,
			);
			productName = audiokitExamples;
			productReference = 8CD337762AB1A16A00FB90A7 /* audiokitExamples.app */;
			productType = "com.apple.product-type.application";
		};
/* End PBXNativeTarget section */

/* Begin PBXProject section */
		8CD3376E2AB1A16A00FB90A7 /* Project object */ = {
			isa = PBXProject;
			attributes = {
				BuildIndependentTargetsInParallel = 1;
				LastSwiftUpdateCheck = 1430;
				LastUpgradeCheck = 1430;
				TargetAttributes = {
					8CD337752AB1A16A00FB90A7 = {
						CreatedOnToolsVersion = 14.3.1;
					};
				};
			};
			buildConfigurationList = 8CD337712AB1A16A00FB90A7 /* Build configuration list for PBXProject "audiokitExamples" */;
			compatibilityVersion = "Xcode 14.0";
			developmentRegion = en;
			hasScannedForEncodings = 0;
			knownRegions = (
				en,
				Base,
			);
			mainGroup = 8CD3376D2AB1A16A00FB90A7;
			packageReferences = (
				8CD337882AB1A1FE00FB90A7 /* XCRemoteSwiftPackageReference "AudioKit" */,
			);
			productRefGroup = 8CD337772AB1A16A00FB90A7 /* Products */;
			projectDirPath = "";
			projectRoot = "";
			targets = (
				8CD337752AB1A16A00FB90A7 /* audiokitExamples */,
			);
		};
/* End PBXProject section */

/* Begin PBXResourcesBuildPhase section */
		8CD337742AB1A16A00FB90A7 /* Resources */ = {
			isa = PBXResourcesBuildPhase;
			buildActionMask = 2147483647;
			files = (
				8CD3378E2AB1A70300FB90A7 /* kick.wav in Resources */,
				8CD337812AB1A16B00FB90A7 /* Preview Assets.xcassets in Resources */,
				8CD3378F2AB1A70300FB90A7 /* snare.wav in Resources */,
				8CD3377E2AB1A16B00FB90A7 /* Assets.xcassets in Resources */,
			);
			runOnlyForDeploymentPostprocessing = 0;
		};
/* End PBXResourcesBuildPhase section */

/* Begin PBXSourcesBuildPhase section */
		8CD337722AB1A16A00FB90A7 /* Sources */ = {
			isa = PBXSourcesBuildPhase;
			buildActionMask = 2147483647;
			files = (
				8CD3377C2AB1A16A00FB90A7 /* ContentView.swift in Sources */,
				8CD3377A2AB1A16A00FB90A7 /* audiokitExamplesApp.swift in Sources */,
			);
			runOnlyForDeploymentPostprocessing = 0;
		};
/* End PBXSourcesBuildPhase section */

/* Begin XCBuildConfiguration section */
		8CD337832AB1A16B00FB90A7 /* Debug */ = {
			isa = XCBuildConfiguration;
			buildSettings = {
				ALWAYS_SEARCH_USER_PATHS = NO;
				CLANG_ANALYZER_NONNULL = YES;
				CLANG_ANALYZER_NUMBER_OBJECT_CONVERSION = YES_AGGRESSIVE;
				CLANG_CXX_LANGUAGE_STANDARD = "gnu++20";
				CLANG_ENABLE_MODULES = YES;
				CLANG_ENABLE_OBJC_ARC = YES;
				CLANG_ENABLE_OBJC_WEAK = YES;
				CLANG_WARN_BLOCK_CAPTURE_AUTORELEASING = YES;
				CLANG_WARN_BOOL_CONVERSION = YES;
				CLANG_WARN_COMMA = YES;
				CLANG_WARN_CONSTANT_CONVERSION = YES;
				CLANG_WARN_DEPRECATED_OBJC_IMPLEMENTATIONS = YES;
				CLANG_WARN_DIRECT_OBJC_ISA_USAGE = YES_ERROR;
				CLANG_WARN_DOCUMENTATION_COMMENTS = YES;
				CLANG_WARN_EMPTY_BODY = YES;
				CLANG_WARN_ENUM_CONVERSION = YES;
				CLANG_WARN_INFINITE_RECURSION = YES;
				CLANG_WARN_INT_CONVERSION = YES;
				CLANG_WARN_NON_LITERAL_NULL_CONVERSION = YES;
				CLANG_WARN_OBJC_IMPLICIT_RETAIN_SELF = YES;
				CLANG_WARN_OBJC_LITERAL_CONVERSION = YES;
				CLANG_WARN_OBJC_ROOT_CLASS = YES_ERROR;
				CLANG_WARN_QUOTED_INCLUDE_IN_FRAMEWORK_HEADER = YES;
				CLANG_WARN_RANGE_LOOP_ANALYSIS = YES;
				CLANG_WARN_STRICT_PROTOTYPES = YES;
				CLANG_WARN_SUSPICIOUS_MOVE = YES;
				CLANG_WARN_UNGUARDED_AVAILABILITY = YES_AGGRESSIVE;
				CLANG_WARN_UNREACHABLE_CODE = YES;
				CLANG_WARN__DUPLICATE_METHOD_MATCH = YES;
				COPY_PHASE_STRIP = NO;
				DEBUG_INFORMATION_FORMAT = dwarf;
				ENABLE_STRICT_OBJC_MSGSEND = YES;
				ENABLE_TESTABILITY = YES;
				GCC_C_LANGUAGE_STANDARD = gnu11;
				GCC_DYNAMIC_NO_PIC = NO;
				GCC_NO_COMMON_BLOCKS = YES;
				GCC_OPTIMIZATION_LEVEL = 0;
				GCC_PREPROCESSOR_DEFINITIONS = (
					"DEBUG=1",
					"$(inherited)",
				);
				GCC_WARN_64_TO_32_BIT_CONVERSION = YES;
				GCC_WARN_ABOUT_RETURN_TYPE = YES_ERROR;
				GCC_WARN_UNDECLARED_SELECTOR = YES;
				GCC_WARN_UNINITIALIZED_AUTOS = YES_AGGRESSIVE;
				GCC_WARN_UNUSED_FUNCTION = YES;
				GCC_WARN_UNUSED_VARIABLE = YES;
				MACOSX_DEPLOYMENT_TARGET = 13.3;
				MTL_ENABLE_DEBUG_INFO = INCLUDE_SOURCE;
				MTL_FAST_MATH = YES;
				ONLY_ACTIVE_ARCH = YES;
				SDKROOT = macosx;
				SWIFT_ACTIVE_COMPILATION_CONDITIONS = DEBUG;
				SWIFT_OPTIMIZATION_LEVEL = "-Onone";
			};
			name = Debug;
		};
		8CD337842AB1A16B00FB90A7 /* Release */ = {
			isa = XCBuildConfiguration;
			buildSettings = {
				ALWAYS_SEARCH_USER_PATHS = NO;
				CLANG_ANALYZER_NONNULL = YES;
				CLANG_ANALYZER_NUMBER_OBJECT_CONVERSION = YES_AGGRESSIVE;
				CLANG_CXX_LANGUAGE_STANDARD = "gnu++20";
				CLANG_ENABLE_MODULES = YES;
				CLANG_ENABLE_OBJC_ARC = YES;
				CLANG_ENABLE_OBJC_WEAK = YES;
				CLANG_WARN_BLOCK_CAPTURE_AUTORELEASING = YES;
				CLANG_WARN_BOOL_CONVERSION = YES;
				CLANG_WARN_COMMA = YES;
				CLANG_WARN_CONSTANT_CONVERSION = YES;
				CLANG_WARN_DEPRECATED_OBJC_IMPLEMENTATIONS = YES;
				CLANG_WARN_DIRECT_OBJC_ISA_USAGE = YES_ERROR;
				CLANG_WARN_DOCUMENTATION_COMMENTS = YES;
				CLANG_WARN_EMPTY_BODY = YES;
				CLANG_WARN_ENUM_CONVERSION = YES;
				CLANG_WARN_INFINITE_RECURSION = YES;
				CLANG_WARN_INT_CONVERSION = YES;
				CLANG_WARN_NON_LITERAL_NULL_CONVERSION = YES;
				CLANG_WARN_OBJC_IMPLICIT_RETAIN_SELF = YES;
				CLANG_WARN_OBJC_LITERAL_CONVERSION = YES;
				CLANG_WARN_OBJC_ROOT_CLASS = YES_ERROR;
				CLANG_WARN_QUOTED_INCLUDE_IN_FRAMEWORK_HEADER = YES;
				CLANG_WARN_RANGE_LOOP_ANALYSIS = YES;
				CLANG_WARN_STRICT_PROTOTYPES = YES;
				CLANG_WARN_SUSPICIOUS_MOVE = YES;
				CLANG_WARN_UNGUARDED_AVAILABILITY = YES_AGGRESSIVE;
				CLANG_WARN_UNREACHABLE_CODE = YES;
				CLANG_WARN__DUPLICATE_METHOD_MATCH = YES;
				COPY_PHASE_STRIP = NO;
				DEBUG_INFORMATION_FORMAT = "dwarf-with-dsym";
				ENABLE_NS_ASSERTIONS = NO;
				ENABLE_STRICT_OBJC_MSGSEND = YES;
				GCC_C_LANGUAGE_STANDARD = gnu11;
				GCC_NO_COMMON_BLOCKS = YES;
				GCC_WARN_64_TO_32_BIT_CONVERSION = YES;
				GCC_WARN_ABOUT_RETURN_TYPE = YES_ERROR;
				GCC_WARN_UNDECLARED_SELECTOR = YES;
				GCC_WARN_UNINITIALIZED_AUTOS = YES_AGGRESSIVE;
				GCC_WARN_UNUSED_FUNCTION = YES;
				GCC_WARN_UNUSED_VARIABLE = YES;
				MACOSX_DEPLOYMENT_TARGET = 13.3;
				MTL_ENABLE_DEBUG_INFO = NO;
				MTL_FAST_MATH = YES;
				SDKROOT = macosx;
				SWIFT_COMPILATION_MODE = wholemodule;
				SWIFT_OPTIMIZATION_LEVEL = "-O";
			};
			name = Release;
		};
		8CD337862AB1A16B00FB90A7 /* Debug */ = {
			isa = XCBuildConfiguration;
			buildSettings = {
				ASSETCATALOG_COMPILER_APPICON_NAME = AppIcon;
				ASSETCATALOG_COMPILER_GLOBAL_ACCENT_COLOR_NAME = AccentColor;
				CODE_SIGN_ENTITLEMENTS = audiokitExamples/audiokitExamples.entitlements;
				CODE_SIGN_STYLE = Automatic;
				COMBINE_HIDPI_IMAGES = YES;
				CURRENT_PROJECT_VERSION = 1;
				DEVELOPMENT_ASSET_PATHS = "\"audiokitExamples/Preview Content\"";
				ENABLE_PREVIEWS = YES;
				GENERATE_INFOPLIST_FILE = YES;
				INFOPLIST_KEY_NSHumanReadableCopyright = "";
				LD_RUNPATH_SEARCH_PATHS = (
					"$(inherited)",
					"@executable_path/../Frameworks",
				);
				MARKETING_VERSION = 1.0;
				PRODUCT_BUNDLE_IDENTIFIER = com.ippokratisbournellis.audiokitExamples;
				PRODUCT_NAME = "$(TARGET_NAME)";
				SWIFT_EMIT_LOC_STRINGS = YES;
				SWIFT_VERSION = 5.0;
			};
			name = Debug;
		};
		8CD337872AB1A16B00FB90A7 /* Release */ = {
			isa = XCBuildConfiguration;
			buildSettings = {
				ASSETCATALOG_COMPILER_APPICON_NAME = AppIcon;
				ASSETCATALOG_COMPILER_GLOBAL_ACCENT_COLOR_NAME = AccentColor;
				CODE_SIGN_ENTITLEMENTS = audiokitExamples/audiokitExamples.entitlements;
				CODE_SIGN_STYLE = Automatic;
				COMBINE_HIDPI_IMAGES = YES;
				CURRENT_PROJECT_VERSION = 1;
				DEVELOPMENT_ASSET_PATHS = "\"audiokitExamples/Preview Content\"";
				ENABLE_PREVIEWS = YES;
				GENERATE_INFOPLIST_FILE = YES;
				INFOPLIST_KEY_NSHumanReadableCopyright = "";
				LD_RUNPATH_SEARCH_PATHS = (
					"$(inherited)",
					"@executable_path/../Frameworks",
				);
				MARKETING_VERSION = 1.0;
				PRODUCT_BUNDLE_IDENTIFIER = com.ippokratisbournellis.audiokitExamples;
				PRODUCT_NAME = "$(TARGET_NAME)";
				SWIFT_EMIT_LOC_STRINGS = YES;
				SWIFT_VERSION = 5.0;
			};
			name = Release;
		};
/* End XCBuildConfiguration section */

/* Begin XCConfigurationList section */
		8CD337712AB1A16A00FB90A7 /* Build configuration list for PBXProject "audiokitExamples" */ = {
			isa = XCConfigurationList;
			buildConfigurations = (
				8CD337832AB1A16B00FB90A7 /* Debug */,
				8CD337842AB1A16B00FB90A7 /* Release */,
			);
			defaultConfigurationIsVisible = 0;
			defaultConfigurationName = Release;
		};
		8CD337852AB1A16B00FB90A7 /* Build configuration list for PBXNativeTarget "audiokitExamples" */ = {
			isa = XCConfigurationList;
			buildConfigurations = (
				8CD337862AB1A16B00FB90A7 /* Debug */,
				8CD337872AB1A16B00FB90A7 /* Release */,
			);
			defaultConfigurationIsVisible = 0;
			defaultConfigurationName = Release;
		};
/* End XCConfigurationList section */

/* Begin XCRemoteSwiftPackageReference section */
		8CD337882AB1A1FE00FB90A7 /* XCRemoteSwiftPackageReference "AudioKit" */ = {
			isa = XCRemoteSwiftPackageReference;
			repositoryURL = "https://github.com/AudioKit/AudioKit.git";
			requirement = {
				kind = upToNextMajorVersion;
				minimumVersion = 5.0.0;
			};
		};
/* End XCRemoteSwiftPackageReference section */

/* Begin XCSwiftPackageProductDependency section */
		8CD337892AB1A1FE00FB90A7 /* AudioKit */ = {
			isa = XCSwiftPackageProductDependency;
			package = 8CD337882AB1A1FE00FB90A7 /* XCRemoteSwiftPackageReference "AudioKit" */;
			productName = AudioKit;
		};
/* End XCSwiftPackageProductDependency section */
	};
	rootObject = 8CD3376E2AB1A16A00FB90A7 /* Project object */;
}
